{
  "name": "prisma",
  "version": "1.0.0",
  "lockfileVersion": 1,
  "requires": true,
  "dependencies": {
    "@prisma/client": {
      "version": "2.19.0",
      "resolved": "https://registry.npmjs.org/@prisma/client/-/client-2.19.0.tgz",
      "integrity": "sha512-QK4M8TjJh1QesyO9aLM7DeAQUi5+UnNHpEAm5kwqBO1cq/4Ag5yU9ladctJFJleEE5BLewXHwV2t9A+VfCZslg==",
      "requires": {
        "@prisma/engines-version": "2.19.0-39.c1455d0b443d66b0d9db9bcb1bb9ee0d5bbc511d"
      }
    },
    "@prisma/engines-version": {
      "version": "2.19.0-39.c1455d0b443d66b0d9db9bcb1bb9ee0d5bbc511d",
      "resolved": "https://registry.npmjs.org/@prisma/engines-version/-/engines-version-2.19.0-39.c1455d0b443d66b0d9db9bcb1bb9ee0d5bbc511d.tgz",
      "integrity": "sha512-NzhbwC4iMbRQwJxdhNQX6eaVcOuNGtHRk6aesWE4KMf/YmlW5kfi3HDy7WZ/C4P0Iyn9oURDuk+xZV6QDUVjTw=="
    }
  }
}
